
Microsoft Visual Studio Solution File, Format Version 12.00
# Visual Studio Version 17
VisualStudioVersion = 17.7.34018.315
MinimumVisualStudioVersion = 10.0.40219.1
Project("{9A19103F-16F7-4668-BE54-9A1E7A4F7556}") = "ClubDeportivo", "ClubDeportivo\ClubDeportivo.csproj", "{D247C8DE-FF19-4096-BBCE-EBD2A6FD0FCF}"
EndProject
Global
	GlobalSection(SolutionConfigurationPlatforms) = preSolution
		Debug|Any CPU = Debug|Any CPU
		Release|Any CPU = Release|Any CPU
	EndGlobalSection
	GlobalSection(ProjectConfigurationPlatforms) = postSolution
		{D247C8DE-FF19-4096-BBCE-EBD2A6FD0FCF}.Debug|Any CPU.ActiveCfg = Debug|Any CPU
		{D247C8DE-FF19-4096-BBCE-EBD2A6FD0FCF}.Debug|Any CPU.Build.0 = Debug|Any CPU
		{D247C8DE-FF19-4096-BBCE-EBD2A6FD0FCF}.Release|Any CPU.ActiveCfg = Release|Any CPU
		{D247C8DE-FF19-4096-BBCE-EBD2A6FD0FCF}.Release|Any CPU.Build.0 = Release|Any CPU
	EndGlobalSection
	GlobalSection(SolutionProperties) = preSolution
		HideSolutionNode = FALSE
	EndGlobalSection
	GlobalSection(ExtensibilityGlobals) = postSolution
		SolutionGuid = {E154DEC1-F4BD-4AD7-A3B6-9BCFF258D1D4}
	EndGlobalSection
EndGlobal
